
Microsoft Visual Studio Solution File, Format Version 12.00
# Visual Studio Version 16
VisualStudioVersion = 16.0.32602.291
MinimumVisualStudioVersion = 10.0.40219.1
Project("{FAE04EC0-301F-11D3-BF4B-00C04F79EFBC}") = "CREntry_GR", "CREntry_GR\CREntry_GR.csproj", "{4FE19716-8D59-4A48-847A-5B615BFFFED3}"
EndProject
Project("{FAE04EC0-301F-11D3-BF4B-00C04F79EFBC}") = "ChkResultLib", "CRLib\ChkResultLib.csproj", "{CA83FDE0-0672-4B4F-81AF-3020264AE8F9}"
EndProject
Project("{FAE04EC0-301F-11D3-BF4B-00C04F79EFBC}") = "CREntry_OFF", "CREntry_OFF\CREntry_OFF.csproj", "{13E5CC05-232C-4AFC-BC01-C4FE4E352186}"
EndProject
Global
	GlobalSection(SolutionConfigurationPlatforms) = preSolution
		Debug|Any CPU = Debug|Any CPU
		Release|Any CPU = Release|Any CPU
	EndGlobalSection
	GlobalSection(ProjectConfigurationPlatforms) = postSolution
		{4FE19716-8D59-4A48-847A-5B615BFFFED3}.Debug|Any CPU.ActiveCfg = Debug|Any CPU
		{4FE19716-8D59-4A48-847A-5B615BFFFED3}.Debug|Any CPU.Build.0 = Debug|Any CPU
		{4FE19716-8D59-4A48-847A-5B615BFFFED3}.Release|Any CPU.ActiveCfg = Release|Any CPU
		{4FE19716-8D59-4A48-847A-5B615BFFFED3}.Release|Any CPU.Build.0 = Release|Any CPU
		{CA83FDE0-0672-4B4F-81AF-3020264AE8F9}.Debug|Any CPU.ActiveCfg = Debug|Any CPU
		{CA83FDE0-0672-4B4F-81AF-3020264AE8F9}.Debug|Any CPU.Build.0 = Debug|Any CPU
		{CA83FDE0-0672-4B4F-81AF-3020264AE8F9}.Release|Any CPU.ActiveCfg = Release|Any CPU
		{CA83FDE0-0672-4B4F-81AF-3020264AE8F9}.Release|Any CPU.Build.0 = Release|Any CPU
		{13E5CC05-232C-4AFC-BC01-C4FE4E352186}.Debug|Any CPU.ActiveCfg = Debug|Any CPU
		{13E5CC05-232C-4AFC-BC01-C4FE4E352186}.Debug|Any CPU.Build.0 = Debug|Any CPU
		{13E5CC05-232C-4AFC-BC01-C4FE4E352186}.Release|Any CPU.ActiveCfg = Release|Any CPU
		{13E5CC05-232C-4AFC-BC01-C4FE4E352186}.Release|Any CPU.Build.0 = Release|Any CPU
	EndGlobalSection
	GlobalSection(SolutionProperties) = preSolution
		HideSolutionNode = FALSE
	EndGlobalSection
	GlobalSection(ExtensibilityGlobals) = postSolution
		SolutionGuid = {51BE7FDB-3DA3-4AF9-9730-60511BD08E34}
	EndGlobalSection
EndGlobal
